
Microsoft Visual Studio Solution File, Format Version 12.00
# Visual Studio Version 16
VisualStudioVersion = 16.0.30621.155
MinimumVisualStudioVersion = 10.0.40219.1
Project("{FAE04EC0-301F-11D3-BF4B-00C04F79EFBC}") = "Locustrapper test", "Locustrapper test\Locustrapper test.csproj", "{DF123758-9E56-417E-8CE2-9A41A603357B}"
EndProject
Global
	GlobalSection(SolutionConfigurationPlatforms) = preSolution
		Debug|Any CPU = Debug|Any CPU
		Release|Any CPU = Release|Any CPU
	EndGlobalSection
	GlobalSection(ProjectConfigurationPlatforms) = postSolution
		{DF123758-9E56-417E-8CE2-9A41A603357B}.Debug|Any CPU.ActiveCfg = Debug|Any CPU
		{DF123758-9E56-417E-8CE2-9A41A603357B}.Debug|Any CPU.Build.0 = Debug|Any CPU
		{DF123758-9E56-417E-8CE2-9A41A603357B}.Release|Any CPU.ActiveCfg = Release|Any CPU
		{DF123758-9E56-417E-8CE2-9A41A603357B}.Release|Any CPU.Build.0 = Release|Any CPU
	EndGlobalSection
	GlobalSection(SolutionProperties) = preSolution
		HideSolutionNode = FALSE
	EndGlobalSection
	GlobalSection(ExtensibilityGlobals) = postSolution
		SolutionGuid = {72D30AEC-EF65-40D2-BFDA-7FA97DBCC6A4}
	EndGlobalSection
EndGlobal
